{
  "name": "mobile-devtools",
  "version": "0.0.1",
  "lockfileVersion": 1,
  "requires": true,
  "dependencies": {
    "eruda": {
      "version": "1.5.7",
      "resolved": "https://registry.npmjs.org/eruda/-/eruda-1.5.7.tgz",
      "integrity": "sha512-1dBzIWuBPTexfr5/EIVEyN02WkJdSLAtVllVq3i9lz0cVsDSjwCXydYubfVfIQ3uyYtywkW7Af2SB/rdNuja3g=="
    }
  }
}
